// !$*UTF8*$!
{
	archiveVersion = 1;
	classes = {
	};
	objectVersion = 48;
	objects = {

/* Begin PBXBuildFile section */
		A98D61CA1FAA2DE00082F3C6 /* VideonaRecordView.swift in Sources */ = {isa = PBXBuildFile; fileRef = A98D61C91FAA2DE00082F3C6 /* VideonaRecordView.swift */; };
		A98D61CC1FAA37FB0082F3C6 /* VideonaRecorder.swift in Sources */ = {isa = PBXBuildFile; fileRef = A98D61CB1FAA37FB0082F3C6 /* VideonaRecorder.swift */; };
		A98D61CE1FAA430C0082F3C6 /* RecordButton.swift in Sources */ = {isa = PBXBuildFile; fileRef = A98D61CD1FAA430C0082F3C6 /* RecordButton.swift */; };
		AE477A0C1FA88EC80071FFE6 /* AppDelegate.swift in Sources */ = {isa = PBXBuildFile; fileRef = AE477A0B1FA88EC80071FFE6 /* AppDelegate.swift */; };
		AE477A0E1FA88EC80071FFE6 /* ViewController.swift in Sources */ = {isa = PBXBuildFile; fileRef = AE477A0D1FA88EC80071FFE6 /* ViewController.swift */; };
		AE477A131FA88EC80071FFE6 /* Assets.xcassets in Resources */ = {isa = PBXBuildFile; fileRef = AE477A121FA88EC80071FFE6 /* Assets.xcassets */; };
		AE477A261FA8BABE0071FFE6 /* Record.storyboard in Resources */ = {isa = PBXBuildFile; fileRef = AE477A251FA8BABE0071FFE6 /* Record.storyboard */; };
		AE477A281FA8BEA20071FFE6 /* RecordViewController.swift in Sources */ = {isa = PBXBuildFile; fileRef = AE477A271FA8BEA20071FFE6 /* RecordViewController.swift */; };
		AEFB9CA01FA9F6CD00943D8B /* CameraPermissions.swift in Sources */ = {isa = PBXBuildFile; fileRef = AEFB9C9F1FA9F6CD00943D8B /* CameraPermissions.swift */; };
		AEFB9CA21FA9F73C00943D8B /* MicrophonePermissions.swift in Sources */ = {isa = PBXBuildFile; fileRef = AEFB9CA11FA9F73C00943D8B /* MicrophonePermissions.swift */; };
/* End PBXBuildFile section */

/* Begin PBXFileReference section */
		A98D61C91FAA2DE00082F3C6 /* VideonaRecordView.swift */ = {isa = PBXFileReference; lastKnownFileType = sourcecode.swift; path = VideonaRecordView.swift; sourceTree = "<group>"; };
		A98D61CB1FAA37FB0082F3C6 /* VideonaRecorder.swift */ = {isa = PBXFileReference; lastKnownFileType = sourcecode.swift; path = VideonaRecorder.swift; sourceTree = "<group>"; };
		A98D61CD1FAA430C0082F3C6 /* RecordButton.swift */ = {isa = PBXFileReference; lastKnownFileType = sourcecode.swift; path = RecordButton.swift; sourceTree = "<group>"; };
		AE477A081FA88EC80071FFE6 /* vimojoRecord.app */ = {isa = PBXFileReference; explicitFileType = wrapper.application; includeInIndex = 0; path = vimojoRecord.app; sourceTree = BUILT_PRODUCTS_DIR; };
		AE477A0B1FA88EC80071FFE6 /* AppDelegate.swift */ = {isa = PBXFileReference; lastKnownFileType = sourcecode.swift; path = AppDelegate.swift; sourceTree = "<group>"; };
		AE477A0D1FA88EC80071FFE6 /* ViewController.swift */ = {isa = PBXFileReference; lastKnownFileType = sourcecode.swift; path = ViewController.swift; sourceTree = "<group>"; };
		AE477A121FA88EC80071FFE6 /* Assets.xcassets */ = {isa = PBXFileReference; lastKnownFileType = folder.assetcatalog; path = Assets.xcassets; sourceTree = "<group>"; };
		AE477A171FA88EC80071FFE6 /* Info.plist */ = {isa = PBXFileReference; lastKnownFileType = text.plist.xml; path = Info.plist; sourceTree = "<group>"; };
		AE477A251FA8BABE0071FFE6 /* Record.storyboard */ = {isa = PBXFileReference; lastKnownFileType = file.storyboard; path = Record.storyboard; sourceTree = "<group>"; };
		AE477A271FA8BEA20071FFE6 /* RecordViewController.swift */ = {isa = PBXFileReference; lastKnownFileType = sourcecode.swift; name = RecordViewController.swift; path = vimojoRecord/Modules/Record/RecordViewController.swift; sourceTree = SOURCE_ROOT; };
		AEFB9C9F1FA9F6CD00943D8B /* CameraPermissions.swift */ = {isa = PBXFileReference; lastKnownFileType = sourcecode.swift; path = CameraPermissions.swift; sourceTree = "<group>"; };
		AEFB9CA11FA9F73C00943D8B /* MicrophonePermissions.swift */ = {isa = PBXFileReference; lastKnownFileType = sourcecode.swift; path = MicrophonePermissions.swift; sourceTree = "<group>"; };
/* End PBXFileReference section */

/* Begin PBXFrameworksBuildPhase section */
		AE477A051FA88EC80071FFE6 /* Frameworks */ = {
			isa = PBXFrameworksBuildPhase;
			buildActionMask = 2147483647;
			files = (
			);
			runOnlyForDeploymentPostprocessing = 0;
		};
/* End PBXFrameworksBuildPhase section */

/* Begin PBXGroup section */
		AE4779FF1FA88EC80071FFE6 = {
			isa = PBXGroup;
			children = (
				AE477A0A1FA88EC80071FFE6 /* vimojoRecord */,
				AE477A091FA88EC80071FFE6 /* Products */,
			);
			sourceTree = "<group>";
		};
		AE477A091FA88EC80071FFE6 /* Products */ = {
			isa = PBXGroup;
			children = (
				AE477A081FA88EC80071FFE6 /* vimojoRecord.app */,
			);
			name = Products;
			sourceTree = "<group>";
		};
		AE477A0A1FA88EC80071FFE6 /* vimojoRecord */ = {
			isa = PBXGroup;
			children = (
				AEFB9C9E1FA9F6B300943D8B /* Helpers */,
				AE477A0B1FA88EC80071FFE6 /* AppDelegate.swift */,
				AE477A0D1FA88EC80071FFE6 /* ViewController.swift */,
				AE477A221FA8B8590071FFE6 /* Modules */,
				AE477A1E1FA8B6BA0071FFE6 /* storyboards */,
				AE477A121FA88EC80071FFE6 /* Assets.xcassets */,
				AE477A171FA88EC80071FFE6 /* Info.plist */,
			);
			path = vimojoRecord;
			sourceTree = "<group>";
		};
		AE477A1E1FA8B6BA0071FFE6 /* storyboards */ = {
			isa = PBXGroup;
			children = (
				AE477A251FA8BABE0071FFE6 /* Record.storyboard */,
			);
			path = storyboards;
			sourceTree = "<group>";
		};
		AE477A221FA8B8590071FFE6 /* Modules */ = {
			isa = PBXGroup;
			children = (
				AE477A291FA8BF640071FFE6 /* Record */,
			);
			path = Modules;
			sourceTree = "<group>";
		};
		AE477A291FA8BF640071FFE6 /* Record */ = {
			isa = PBXGroup;
			children = (
				AE477A271FA8BEA20071FFE6 /* RecordViewController.swift */,
				A98D61CD1FAA430C0082F3C6 /* RecordButton.swift */,
				A98D61CB1FAA37FB0082F3C6 /* VideonaRecorder.swift */,
				A98D61C91FAA2DE00082F3C6 /* VideonaRecordView.swift */,
			);
			path = Record;
			sourceTree = "<group>";
		};
		AEFB9C9E1FA9F6B300943D8B /* Helpers */ = {
			isa = PBXGroup;
			children = (
				AEFB9C9F1FA9F6CD00943D8B /* CameraPermissions.swift */,
				AEFB9CA11FA9F73C00943D8B /* MicrophonePermissions.swift */,
			);
			path = Helpers;
			sourceTree = "<group>";
		};
/* End PBXGroup section */

/* Begin PBXNativeTarget section */
		AE477A071FA88EC80071FFE6 /* vimojoRecord */ = {
			isa = PBXNativeTarget;
			buildConfigurationList = AE477A1A1FA88EC80071FFE6 /* Build configuration list for PBXNativeTarget "vimojoRecord" */;
			buildPhases = (
				AE477A041FA88EC80071FFE6 /* Sources */,
				AE477A051FA88EC80071FFE6 /* Frameworks */,
				AE477A061FA88EC80071FFE6 /* Resources */,
			);
			buildRules = (
			);
			dependencies = (
			);
			name = vimojoRecord;
			productName = vimojoRecord;
			productReference = AE477A081FA88EC80071FFE6 /* vimojoRecord.app */;
			productType = "com.apple.product-type.application";
		};
/* End PBXNativeTarget section */

/* Begin PBXProject section */
		AE477A001FA88EC80071FFE6 /* Project object */ = {
			isa = PBXProject;
			attributes = {
				LastSwiftUpdateCheck = 0900;
				LastUpgradeCheck = 0900;
				ORGANIZATIONNAME = MsHome;
				TargetAttributes = {
					AE477A071FA88EC80071FFE6 = {
						CreatedOnToolsVersion = 9.0.1;
						ProvisioningStyle = Automatic;
					};
				};
			};
			buildConfigurationList = AE477A031FA88EC80071FFE6 /* Build configuration list for PBXProject "vimojoRecord" */;
			compatibilityVersion = "Xcode 8.0";
			developmentRegion = en;
			hasScannedForEncodings = 0;
			knownRegions = (
				en,
				Base,
			);
			mainGroup = AE4779FF1FA88EC80071FFE6;
			productRefGroup = AE477A091FA88EC80071FFE6 /* Products */;
			projectDirPath = "";
			projectRoot = "";
			targets = (
				AE477A071FA88EC80071FFE6 /* vimojoRecord */,
			);
		};
/* End PBXProject section */

/* Begin PBXResourcesBuildPhase section */
		AE477A061FA88EC80071FFE6 /* Resources */ = {
			isa = PBXResourcesBuildPhase;
			buildActionMask = 2147483647;
			files = (
				AE477A261FA8BABE0071FFE6 /* Record.storyboard in Resources */,
				AE477A131FA88EC80071FFE6 /* Assets.xcassets in Resources */,
			);
			runOnlyForDeploymentPostprocessing = 0;
		};
/* End PBXResourcesBuildPhase section */

/* Begin PBXSourcesBuildPhase section */
		AE477A041FA88EC80071FFE6 /* Sources */ = {
			isa = PBXSourcesBuildPhase;
			buildActionMask = 2147483647;
			files = (
				A98D61CE1FAA430C0082F3C6 /* RecordButton.swift in Sources */,
				AE477A0E1FA88EC80071FFE6 /* ViewController.swift in Sources */,
				AE477A281FA8BEA20071FFE6 /* RecordViewController.swift in Sources */,
				AEFB9CA01FA9F6CD00943D8B /* CameraPermissions.swift in Sources */,
				AEFB9CA21FA9F73C00943D8B /* MicrophonePermissions.swift in Sources */,
				A98D61CA1FAA2DE00082F3C6 /* VideonaRecordView.swift in Sources */,
				AE477A0C1FA88EC80071FFE6 /* AppDelegate.swift in Sources */,
				A98D61CC1FAA37FB0082F3C6 /* VideonaRecorder.swift in Sources */,
			);
			runOnlyForDeploymentPostprocessing = 0;
		};
/* End PBXSourcesBuildPhase section */

/* Begin XCBuildConfiguration section */
		AE477A181FA88EC80071FFE6 /* Debug */ = {
			isa = XCBuildConfiguration;
			buildSettings = {
				ALWAYS_SEARCH_USER_PATHS = NO;
				CLANG_ANALYZER_NONNULL = YES;
				CLANG_ANALYZER_NUMBER_OBJECT_CONVERSION = YES_AGGRESSIVE;
				CLANG_CXX_LANGUAGE_STANDARD = "gnu++14";
				CLANG_CXX_LIBRARY = "libc++";
				CLANG_ENABLE_MODULES = YES;
				CLANG_ENABLE_OBJC_ARC = YES;
				CLANG_WARN_BLOCK_CAPTURE_AUTORELEASING = YES;
				CLANG_WARN_BOOL_CONVERSION = YES;
				CLANG_WARN_COMMA = YES;
				CLANG_WARN_CONSTANT_CONVERSION = YES;
				CLANG_WARN_DIRECT_OBJC_ISA_USAGE = YES_ERROR;
				CLANG_WARN_DOCUMENTATION_COMMENTS = YES;
				CLANG_WARN_EMPTY_BODY = YES;
				CLANG_WARN_ENUM_CONVERSION = YES;
				CLANG_WARN_INFINITE_RECURSION = YES;
				CLANG_WARN_INT_CONVERSION = YES;
				CLANG_WARN_NON_LITERAL_NULL_CONVERSION = YES;
				CLANG_WARN_OBJC_LITERAL_CONVERSION = YES;
				CLANG_WARN_OBJC_ROOT_CLASS = YES_ERROR;
				CLANG_WARN_RANGE_LOOP_ANALYSIS = YES;
				CLANG_WARN_STRICT_PROTOTYPES = YES;
				CLANG_WARN_SUSPICIOUS_MOVE = YES;
				CLANG_WARN_UNGUARDED_AVAILABILITY = YES_AGGRESSIVE;
				CLANG_WARN_UNREACHABLE_CODE = YES;
				CLANG_WARN__DUPLICATE_METHOD_MATCH = YES;
				CODE_SIGN_IDENTITY = "iPhone Developer";
				COPY_PHASE_STRIP = NO;
				DEBUG_INFORMATION_FORMAT = dwarf;
				ENABLE_STRICT_OBJC_MSGSEND = YES;
				ENABLE_TESTABILITY = YES;
				GCC_C_LANGUAGE_STANDARD = gnu11;
				GCC_DYNAMIC_NO_PIC = NO;
				GCC_NO_COMMON_BLOCKS = YES;
				GCC_OPTIMIZATION_LEVEL = 0;
				GCC_PREPROCESSOR_DEFINITIONS = (
					"DEBUG=1",
					"$(inherited)",
				);
				GCC_WARN_64_TO_32_BIT_CONVERSION = YES;
				GCC_WARN_ABOUT_RETURN_TYPE = YES_ERROR;
				GCC_WARN_UNDECLARED_SELECTOR = YES;
				GCC_WARN_UNINITIALIZED_AUTOS = YES_AGGRESSIVE;
				GCC_WARN_UNUSED_FUNCTION = YES;
				GCC_WARN_UNUSED_VARIABLE = YES;
				IPHONEOS_DEPLOYMENT_TARGET = 11.0;
				MTL_ENABLE_DEBUG_INFO = YES;
				ONLY_ACTIVE_ARCH = YES;
				SDKROOT = iphoneos;
				SWIFT_ACTIVE_COMPILATION_CONDITIONS = DEBUG;
				SWIFT_OPTIMIZATION_LEVEL = "-Onone";
			};
			name = Debug;
		};
		AE477A191FA88EC80071FFE6 /* Release */ = {
			isa = XCBuildConfiguration;
			buildSettings = {
				ALWAYS_SEARCH_USER_PATHS = NO;
				CLANG_ANALYZER_NONNULL = YES;
				CLANG_ANALYZER_NUMBER_OBJECT_CONVERSION = YES_AGGRESSIVE;
				CLANG_CXX_LANGUAGE_STANDARD = "gnu++14";
				CLANG_CXX_LIBRARY = "libc++";
				CLANG_ENABLE_MODULES = YES;
				CLANG_ENABLE_OBJC_ARC = YES;
				CLANG_WARN_BLOCK_CAPTURE_AUTORELEASING = YES;
				CLANG_WARN_BOOL_CONVERSION = YES;
				CLANG_WARN_COMMA = YES;
				CLANG_WARN_CONSTANT_CONVERSION = YES;
				CLANG_WARN_DIRECT_OBJC_ISA_USAGE = YES_ERROR;
				CLANG_WARN_DOCUMENTATION_COMMENTS = YES;
				CLANG_WARN_EMPTY_BODY = YES;
				CLANG_WARN_ENUM_CONVERSION = YES;
				CLANG_WARN_INFINITE_RECURSION = YES;
				CLANG_WARN_INT_CONVERSION = YES;
				CLANG_WARN_NON_LITERAL_NULL_CONVERSION = YES;
				CLANG_WARN_OBJC_LITERAL_CONVERSION = YES;
				CLANG_WARN_OBJC_ROOT_CLASS = YES_ERROR;
				CLANG_WARN_RANGE_LOOP_ANALYSIS = YES;
				CLANG_WARN_STRICT_PROTOTYPES = YES;
				CLANG_WARN_SUSPICIOUS_MOVE = YES;
				CLANG_WARN_UNGUARDED_AVAILABILITY = YES_AGGRESSIVE;
				CLANG_WARN_UNREACHABLE_CODE = YES;
				CLANG_WARN__DUPLICATE_METHOD_MATCH = YES;
				CODE_SIGN_IDENTITY = "iPhone Developer";
				COPY_PHASE_STRIP = NO;
				DEBUG_INFORMATION_FORMAT = "dwarf-with-dsym";
				ENABLE_NS_ASSERTIONS = NO;
				ENABLE_STRICT_OBJC_MSGSEND = YES;
				GCC_C_LANGUAGE_STANDARD = gnu11;
				GCC_NO_COMMON_BLOCKS = YES;
				GCC_WARN_64_TO_32_BIT_CONVERSION = YES;
				GCC_WARN_ABOUT_RETURN_TYPE = YES_ERROR;
				GCC_WARN_UNDECLARED_SELECTOR = YES;
				GCC_WARN_UNINITIALIZED_AUTOS = YES_AGGRESSIVE;
				GCC_WARN_UNUSED_FUNCTION = YES;
				GCC_WARN_UNUSED_VARIABLE = YES;
				IPHONEOS_DEPLOYMENT_TARGET = 11.0;
				MTL_ENABLE_DEBUG_INFO = NO;
				SDKROOT = iphoneos;
				SWIFT_OPTIMIZATION_LEVEL = "-Owholemodule";
				VALIDATE_PRODUCT = YES;
			};
			name = Release;
		};
		AE477A1B1FA88EC80071FFE6 /* Debug */ = {
			isa = XCBuildConfiguration;
			buildSettings = {
				ASSETCATALOG_COMPILER_APPICON_NAME = AppIcon;
				"CODE_SIGN_IDENTITY[sdk=iphoneos*]" = "iPhone Developer";
				CODE_SIGN_STYLE = Automatic;
				DEVELOPMENT_TEAM = 98YJ9HU6W9;
				INFOPLIST_FILE = vimojoRecord/Info.plist;
				LD_RUNPATH_SEARCH_PATHS = "$(inherited) @executable_path/Frameworks";
				PRODUCT_BUNDLE_IDENTIFIER = com.DevStarlight.vimojoRecord;
				PRODUCT_NAME = "$(TARGET_NAME)";
				PROVISIONING_PROFILE_SPECIFIER = "";
				SWIFT_VERSION = 4.0;
				TARGETED_DEVICE_FAMILY = "1,2";
			};
			name = Debug;
		};
		AE477A1C1FA88EC80071FFE6 /* Release */ = {
			isa = XCBuildConfiguration;
			buildSettings = {
				ASSETCATALOG_COMPILER_APPICON_NAME = AppIcon;
				"CODE_SIGN_IDENTITY[sdk=iphoneos*]" = "iPhone Developer";
				CODE_SIGN_STYLE = Automatic;
				DEVELOPMENT_TEAM = 98YJ9HU6W9;
				INFOPLIST_FILE = vimojoRecord/Info.plist;
				LD_RUNPATH_SEARCH_PATHS = "$(inherited) @executable_path/Frameworks";
				PRODUCT_BUNDLE_IDENTIFIER = com.DevStarlight.vimojoRecord;
				PRODUCT_NAME = "$(TARGET_NAME)";
				PROVISIONING_PROFILE_SPECIFIER = "";
				SWIFT_VERSION = 4.0;
				TARGETED_DEVICE_FAMILY = "1,2";
			};
			name = Release;
		};
/* End XCBuildConfiguration section */

/* Begin XCConfigurationList section */
		AE477A031FA88EC80071FFE6 /* Build configuration list for PBXProject "vimojoRecord" */ = {
			isa = XCConfigurationList;
			buildConfigurations = (
				AE477A181FA88EC80071FFE6 /* Debug */,
				AE477A191FA88EC80071FFE6 /* Release */,
			);
			defaultConfigurationIsVisible = 0;
			defaultConfigurationName = Release;
		};
		AE477A1A1FA88EC80071FFE6 /* Build configuration list for PBXNativeTarget "vimojoRecord" */ = {
			isa = XCConfigurationList;
			buildConfigurations = (
				AE477A1B1FA88EC80071FFE6 /* Debug */,
				AE477A1C1FA88EC80071FFE6 /* Release */,
			);
			defaultConfigurationIsVisible = 0;
			defaultConfigurationName = Release;
		};
/* End XCConfigurationList section */
	};
	rootObject = AE477A001FA88EC80071FFE6 /* Project object */;
}
